// !$*UTF8*$!
{
	archiveVersion = 1;
	classes = {
	};
	objectVersion = 50;
	objects = {

/* Begin PBXBuildFile section */
		A55DAC062800F6C200EAC72F /* AppDelegate.swift in Sources */ = {isa = PBXBuildFile; fileRef = A55DAC052800F6C200EAC72F /* AppDelegate.swift */; };
		A55DAC082800F6C200EAC72F /* SceneDelegate.swift in Sources */ = {isa = PBXBuildFile; fileRef = A55DAC072800F6C200EAC72F /* SceneDelegate.swift */; };
		A55DAC0A2800F6C200EAC72F /* ViewController.swift in Sources */ = {isa = PBXBuildFile; fileRef = A55DAC092800F6C200EAC72F /* ViewController.swift */; };
		A55DAC0F2800F6C800EAC72F /* Assets.xcassets in Resources */ = {isa = PBXBuildFile; fileRef = A55DAC0E2800F6C800EAC72F /* Assets.xcassets */; };
		A55DAC122800F6C800EAC72F /* LaunchScreen.storyboard in Resources */ = {isa = PBXBuildFile; fileRef = A55DAC102800F6C800EAC72F /* LaunchScreen.storyboard */; };
		A55DAC1C2800F9D900EAC72F /* TabBarController.swift in Sources */ = {isa = PBXBuildFile; fileRef = A55DAC1B2800F9D900EAC72F /* TabBarController.swift */; };
		A55DAC212800FA8B00EAC72F /* NavigationController.swift in Sources */ = {isa = PBXBuildFile; fileRef = A55DAC202800FA8B00EAC72F /* NavigationController.swift */; };
		A55DAC242800FAF400EAC72F /* CubeGameController.swift in Sources */ = {isa = PBXBuildFile; fileRef = A55DAC232800FAF400EAC72F /* CubeGameController.swift */; };
		A55DAC272800FB6F00EAC72F /* RockPaperScissorsController.swift in Sources */ = {isa = PBXBuildFile; fileRef = A55DAC262800FB6F00EAC72F /* RockPaperScissorsController.swift */; };
/* End PBXBuildFile section */

/* Begin PBXFileReference section */
		A55DAC022800F6C200EAC72F /* SergeySenlaApp.app */ = {isa = PBXFileReference; explicitFileType = wrapper.application; includeInIndex = 0; path = SergeySenlaApp.app; sourceTree = BUILT_PRODUCTS_DIR; };
		A55DAC052800F6C200EAC72F /* AppDelegate.swift */ = {isa = PBXFileReference; lastKnownFileType = sourcecode.swift; path = AppDelegate.swift; sourceTree = "<group>"; };
		A55DAC072800F6C200EAC72F /* SceneDelegate.swift */ = {isa = PBXFileReference; lastKnownFileType = sourcecode.swift; path = SceneDelegate.swift; sourceTree = "<group>"; };
		A55DAC092800F6C200EAC72F /* ViewController.swift */ = {isa = PBXFileReference; lastKnownFileType = sourcecode.swift; path = ViewController.swift; sourceTree = "<group>"; };
		A55DAC0E2800F6C800EAC72F /* Assets.xcassets */ = {isa = PBXFileReference; lastKnownFileType = folder.assetcatalog; path = Assets.xcassets; sourceTree = "<group>"; };
		A55DAC112800F6C800EAC72F /* Base */ = {isa = PBXFileReference; lastKnownFileType = file.storyboard; name = Base; path = Base.lproj/LaunchScreen.storyboard; sourceTree = "<group>"; };
		A55DAC132800F6C800EAC72F /* Info.plist */ = {isa = PBXFileReference; lastKnownFileType = text.plist.xml; path = Info.plist; sourceTree = "<group>"; };
		A55DAC1B2800F9D900EAC72F /* TabBarController.swift */ = {isa = PBXFileReference; lastKnownFileType = sourcecode.swift; path = TabBarController.swift; sourceTree = "<group>"; };
		A55DAC202800FA8B00EAC72F /* NavigationController.swift */ = {isa = PBXFileReference; lastKnownFileType = sourcecode.swift; path = NavigationController.swift; sourceTree = "<group>"; };
		A55DAC232800FAF400EAC72F /* CubeGameController.swift */ = {isa = PBXFileReference; lastKnownFileType = sourcecode.swift; path = CubeGameController.swift; sourceTree = "<group>"; };
		A55DAC262800FB6F00EAC72F /* RockPaperScissorsController.swift */ = {isa = PBXFileReference; lastKnownFileType = sourcecode.swift; path = RockPaperScissorsController.swift; sourceTree = "<group>"; };
/* End PBXFileReference section */

/* Begin PBXFrameworksBuildPhase section */
		A55DABFF2800F6C200EAC72F /* Frameworks */ = {
			isa = PBXFrameworksBuildPhase;
			buildActionMask = 2147483647;
			files = (
			);
			runOnlyForDeploymentPostprocessing = 0;
		};
/* End PBXFrameworksBuildPhase section */

/* Begin PBXGroup section */
		A55DABF92800F6C200EAC72F = {
			isa = PBXGroup;
			children = (
				A55DAC042800F6C200EAC72F /* SergeySenlaApp */,
				A55DAC032800F6C200EAC72F /* Products */,
			);
			sourceTree = "<group>";
		};
		A55DAC032800F6C200EAC72F /* Products */ = {
			isa = PBXGroup;
			children = (
				A55DAC022800F6C200EAC72F /* SergeySenlaApp.app */,
			);
			name = Products;
			sourceTree = "<group>";
		};
		A55DAC042800F6C200EAC72F /* SergeySenlaApp */ = {
			isa = PBXGroup;
			children = (
				A55DAC1E2800F9E000EAC72F /* Modules */,
				A55DAC052800F6C200EAC72F /* AppDelegate.swift */,
				A55DAC072800F6C200EAC72F /* SceneDelegate.swift */,
				A55DAC0E2800F6C800EAC72F /* Assets.xcassets */,
				A55DAC102800F6C800EAC72F /* LaunchScreen.storyboard */,
				A55DAC132800F6C800EAC72F /* Info.plist */,
			);
			path = SergeySenlaApp;
			sourceTree = "<group>";
		};
		A55DAC1E2800F9E000EAC72F /* Modules */ = {
			isa = PBXGroup;
			children = (
				A55DAC1F2800F9E700EAC72F /* Controllers */,
			);
			path = Modules;
			sourceTree = "<group>";
		};
		A55DAC1F2800F9E700EAC72F /* Controllers */ = {
			isa = PBXGroup;
			children = (
				A55DAC092800F6C200EAC72F /* ViewController.swift */,
				A55DAC1B2800F9D900EAC72F /* TabBarController.swift */,
				A55DAC202800FA8B00EAC72F /* NavigationController.swift */,
				A55DAC232800FAF400EAC72F /* CubeGameController.swift */,
				A55DAC262800FB6F00EAC72F /* RockPaperScissorsController.swift */,
			);
			path = Controllers;
			sourceTree = "<group>";
		};
/* End PBXGroup section */

/* Begin PBXNativeTarget section */
		A55DAC012800F6C200EAC72F /* SergeySenlaApp */ = {
			isa = PBXNativeTarget;
			buildConfigurationList = A55DAC162800F6C800EAC72F /* Build configuration list for PBXNativeTarget "SergeySenlaApp" */;
			buildPhases = (
				A55DABFE2800F6C200EAC72F /* Sources */,
				A55DABFF2800F6C200EAC72F /* Frameworks */,
				A55DAC002800F6C200EAC72F /* Resources */,
			);
			buildRules = (
			);
			dependencies = (
			);
			name = SergeySenlaApp;
			productName = SergeySenlaApp;
			productReference = A55DAC022800F6C200EAC72F /* SergeySenlaApp.app */;
			productType = "com.apple.product-type.application";
		};
/* End PBXNativeTarget section */

/* Begin PBXProject section */
		A55DABFA2800F6C200EAC72F /* Project object */ = {
			isa = PBXProject;
			attributes = {
				LastSwiftUpdateCheck = 1240;
				LastUpgradeCheck = 1240;
				TargetAttributes = {
					A55DAC012800F6C200EAC72F = {
						CreatedOnToolsVersion = 12.4;
					};
				};
			};
			buildConfigurationList = A55DABFD2800F6C200EAC72F /* Build configuration list for PBXProject "SergeySenlaApp" */;
			compatibilityVersion = "Xcode 9.3";
			developmentRegion = en;
			hasScannedForEncodings = 0;
			knownRegions = (
				en,
				Base,
			);
			mainGroup = A55DABF92800F6C200EAC72F;
			productRefGroup = A55DAC032800F6C200EAC72F /* Products */;
			projectDirPath = "";
			projectRoot = "";
			targets = (
				A55DAC012800F6C200EAC72F /* SergeySenlaApp */,
			);
		};
/* End PBXProject section */

/* Begin PBXResourcesBuildPhase section */
		A55DAC002800F6C200EAC72F /* Resources */ = {
			isa = PBXResourcesBuildPhase;
			buildActionMask = 2147483647;
			files = (
				A55DAC122800F6C800EAC72F /* LaunchScreen.storyboard in Resources */,
				A55DAC0F2800F6C800EAC72F /* Assets.xcassets in Resources */,
			);
			runOnlyForDeploymentPostprocessing = 0;
		};
/* End PBXResourcesBuildPhase section */

/* Begin PBXSourcesBuildPhase section */
		A55DABFE2800F6C200EAC72F /* Sources */ = {
			isa = PBXSourcesBuildPhase;
			buildActionMask = 2147483647;
			files = (
				A55DAC0A2800F6C200EAC72F /* ViewController.swift in Sources */,
				A55DAC1C2800F9D900EAC72F /* TabBarController.swift in Sources */,
				A55DAC242800FAF400EAC72F /* CubeGameController.swift in Sources */,
				A55DAC212800FA8B00EAC72F /* NavigationController.swift in Sources */,
				A55DAC062800F6C200EAC72F /* AppDelegate.swift in Sources */,
				A55DAC272800FB6F00EAC72F /* RockPaperScissorsController.swift in Sources */,
				A55DAC082800F6C200EAC72F /* SceneDelegate.swift in Sources */,
			);
			runOnlyForDeploymentPostprocessing = 0;
		};
/* End PBXSourcesBuildPhase section */

/* Begin PBXVariantGroup section */
		A55DAC102800F6C800EAC72F /* LaunchScreen.storyboard */ = {
			isa = PBXVariantGroup;
			children = (
				A55DAC112800F6C800EAC72F /* Base */,
			);
			name = LaunchScreen.storyboard;
			sourceTree = "<group>";
		};
/* End PBXVariantGroup section */

/* Begin XCBuildConfiguration section */
		A55DAC142800F6C800EAC72F /* Debug */ = {
			isa = XCBuildConfiguration;
			buildSettings = {
				ALWAYS_SEARCH_USER_PATHS = NO;
				CLANG_ANALYZER_NONNULL = YES;
				CLANG_ANALYZER_NUMBER_OBJECT_CONVERSION = YES_AGGRESSIVE;
				CLANG_CXX_LANGUAGE_STANDARD = "gnu++14";
				CLANG_CXX_LIBRARY = "libc++";
				CLANG_ENABLE_MODULES = YES;
				CLANG_ENABLE_OBJC_ARC = YES;
				CLANG_ENABLE_OBJC_WEAK = YES;
				CLANG_WARN_BLOCK_CAPTURE_AUTORELEASING = YES;
				CLANG_WARN_BOOL_CONVERSION = YES;
				CLANG_WARN_COMMA = YES;
				CLANG_WARN_CONSTANT_CONVERSION = YES;
				CLANG_WARN_DEPRECATED_OBJC_IMPLEMENTATIONS = YES;
				CLANG_WARN_DIRECT_OBJC_ISA_USAGE = YES_ERROR;
				CLANG_WARN_DOCUMENTATION_COMMENTS = YES;
				CLANG_WARN_EMPTY_BODY = YES;
				CLANG_WARN_ENUM_CONVERSION = YES;
				CLANG_WARN_INFINITE_RECURSION = YES;
				CLANG_WARN_INT_CONVERSION = YES;
				CLANG_WARN_NON_LITERAL_NULL_CONVERSION = YES;
				CLANG_WARN_OBJC_IMPLICIT_RETAIN_SELF = YES;
				CLANG_WARN_OBJC_LITERAL_CONVERSION = YES;
				CLANG_WARN_OBJC_ROOT_CLASS = YES_ERROR;
				CLANG_WARN_QUOTED_INCLUDE_IN_FRAMEWORK_HEADER = YES;
				CLANG_WARN_RANGE_LOOP_ANALYSIS = YES;
				CLANG_WARN_STRICT_PROTOTYPES = YES;
				CLANG_WARN_SUSPICIOUS_MOVE = YES;
				CLANG_WARN_UNGUARDED_AVAILABILITY = YES_AGGRESSIVE;
				CLANG_WARN_UNREACHABLE_CODE = YES;
				CLANG_WARN__DUPLICATE_METHOD_MATCH = YES;
				COPY_PHASE_STRIP = NO;
				DEBUG_INFORMATION_FORMAT = dwarf;
				ENABLE_STRICT_OBJC_MSGSEND = YES;
				ENABLE_TESTABILITY = YES;
				GCC_C_LANGUAGE_STANDARD = gnu11;
				GCC_DYNAMIC_NO_PIC = NO;
				GCC_NO_COMMON_BLOCKS = YES;
				GCC_OPTIMIZATION_LEVEL = 0;
				GCC_PREPROCESSOR_DEFINITIONS = (
					"DEBUG=1",
					"$(inherited)",
				);
				GCC_WARN_64_TO_32_BIT_CONVERSION = YES;
				GCC_WARN_ABOUT_RETURN_TYPE = YES_ERROR;
				GCC_WARN_UNDECLARED_SELECTOR = YES;
				GCC_WARN_UNINITIALIZED_AUTOS = YES_AGGRESSIVE;
				GCC_WARN_UNUSED_FUNCTION = YES;
				GCC_WARN_UNUSED_VARIABLE = YES;
				IPHONEOS_DEPLOYMENT_TARGET = 14.4;
				MTL_ENABLE_DEBUG_INFO = INCLUDE_SOURCE;
				MTL_FAST_MATH = YES;
				ONLY_ACTIVE_ARCH = YES;
				SDKROOT = iphoneos;
				SWIFT_ACTIVE_COMPILATION_CONDITIONS = DEBUG;
				SWIFT_OPTIMIZATION_LEVEL = "-Onone";
			};
			name = Debug;
		};
		A55DAC152800F6C800EAC72F /* Release */ = {
			isa = XCBuildConfiguration;
			buildSettings = {
				ALWAYS_SEARCH_USER_PATHS = NO;
				CLANG_ANALYZER_NONNULL = YES;
				CLANG_ANALYZER_NUMBER_OBJECT_CONVERSION = YES_AGGRESSIVE;
				CLANG_CXX_LANGUAGE_STANDARD = "gnu++14";
				CLANG_CXX_LIBRARY = "libc++";
				CLANG_ENABLE_MODULES = YES;
				CLANG_ENABLE_OBJC_ARC = YES;
				CLANG_ENABLE_OBJC_WEAK = YES;
				CLANG_WARN_BLOCK_CAPTURE_AUTORELEASING = YES;
				CLANG_WARN_BOOL_CONVERSION = YES;
				CLANG_WARN_COMMA = YES;
				CLANG_WARN_CONSTANT_CONVERSION = YES;
				CLANG_WARN_DEPRECATED_OBJC_IMPLEMENTATIONS = YES;
				CLANG_WARN_DIRECT_OBJC_ISA_USAGE = YES_ERROR;
				CLANG_WARN_DOCUMENTATION_COMMENTS = YES;
				CLANG_WARN_EMPTY_BODY = YES;
				CLANG_WARN_ENUM_CONVERSION = YES;
				CLANG_WARN_INFINITE_RECURSION = YES;
				CLANG_WARN_INT_CONVERSION = YES;
				CLANG_WARN_NON_LITERAL_NULL_CONVERSION = YES;
				CLANG_WARN_OBJC_IMPLICIT_RETAIN_SELF = YES;
				CLANG_WARN_OBJC_LITERAL_CONVERSION = YES;
				CLANG_WARN_OBJC_ROOT_CLASS = YES_ERROR;
				CLANG_WARN_QUOTED_INCLUDE_IN_FRAMEWORK_HEADER = YES;
				CLANG_WARN_RANGE_LOOP_ANALYSIS = YES;
				CLANG_WARN_STRICT_PROTOTYPES = YES;
				CLANG_WARN_SUSPICIOUS_MOVE = YES;
				CLANG_WARN_UNGUARDED_AVAILABILITY = YES_AGGRESSIVE;
				CLANG_WARN_UNREACHABLE_CODE = YES;
				CLANG_WARN__DUPLICATE_METHOD_MATCH = YES;
				COPY_PHASE_STRIP = NO;
				DEBUG_INFORMATION_FORMAT = "dwarf-with-dsym";
				ENABLE_NS_ASSERTIONS = NO;
				ENABLE_STRICT_OBJC_MSGSEND = YES;
				GCC_C_LANGUAGE_STANDARD = gnu11;
				GCC_NO_COMMON_BLOCKS = YES;
				GCC_WARN_64_TO_32_BIT_CONVERSION = YES;
				GCC_WARN_ABOUT_RETURN_TYPE = YES_ERROR;
				GCC_WARN_UNDECLARED_SELECTOR = YES;
				GCC_WARN_UNINITIALIZED_AUTOS = YES_AGGRESSIVE;
				GCC_WARN_UNUSED_FUNCTION = YES;
				GCC_WARN_UNUSED_VARIABLE = YES;
				IPHONEOS_DEPLOYMENT_TARGET = 14.4;
				MTL_ENABLE_DEBUG_INFO = NO;
				MTL_FAST_MATH = YES;
				SDKROOT = iphoneos;
				SWIFT_COMPILATION_MODE = wholemodule;
				SWIFT_OPTIMIZATION_LEVEL = "-O";
				VALIDATE_PRODUCT = YES;
			};
			name = Release;
		};
		A55DAC172800F6C800EAC72F /* Debug */ = {
			isa = XCBuildConfiguration;
			buildSettings = {
				ASSETCATALOG_COMPILER_APPICON_NAME = AppIcon;
				ASSETCATALOG_COMPILER_GLOBAL_ACCENT_COLOR_NAME = AccentColor;
				CODE_SIGN_STYLE = Automatic;
				INFOPLIST_FILE = SergeySenlaApp/Info.plist;
				LD_RUNPATH_SEARCH_PATHS = (
					"$(inherited)",
					"@executable_path/Frameworks",
				);
				PRODUCT_BUNDLE_IDENTIFIER = com.mrmarvel.SergeySenlaApp;
				PRODUCT_NAME = "$(TARGET_NAME)";
				SWIFT_VERSION = 5.0;
				TARGETED_DEVICE_FAMILY = "1,2";
			};
			name = Debug;
		};
		A55DAC182800F6C800EAC72F /* Release */ = {
			isa = XCBuildConfiguration;
			buildSettings = {
				ASSETCATALOG_COMPILER_APPICON_NAME = AppIcon;
				ASSETCATALOG_COMPILER_GLOBAL_ACCENT_COLOR_NAME = AccentColor;
				CODE_SIGN_STYLE = Automatic;
				INFOPLIST_FILE = SergeySenlaApp/Info.plist;
				LD_RUNPATH_SEARCH_PATHS = (
					"$(inherited)",
					"@executable_path/Frameworks",
				);
				PRODUCT_BUNDLE_IDENTIFIER = com.mrmarvel.SergeySenlaApp;
				PRODUCT_NAME = "$(TARGET_NAME)";
				SWIFT_VERSION = 5.0;
				TARGETED_DEVICE_FAMILY = "1,2";
			};
			name = Release;
		};
/* End XCBuildConfiguration section */

/* Begin XCConfigurationList section */
		A55DABFD2800F6C200EAC72F /* Build configuration list for PBXProject "SergeySenlaApp" */ = {
			isa = XCConfigurationList;
			buildConfigurations = (
				A55DAC142800F6C800EAC72F /* Debug */,
				A55DAC152800F6C800EAC72F /* Release */,
			);
			defaultConfigurationIsVisible = 0;
			defaultConfigurationName = Release;
		};
		A55DAC162800F6C800EAC72F /* Build configuration list for PBXNativeTarget "SergeySenlaApp" */ = {
			isa = XCConfigurationList;
			buildConfigurations = (
				A55DAC172800F6C800EAC72F /* Debug */,
				A55DAC182800F6C800EAC72F /* Release */,
			);
			defaultConfigurationIsVisible = 0;
			defaultConfigurationName = Release;
		};
/* End XCConfigurationList section */
	};
	rootObject = A55DABFA2800F6C200EAC72F /* Project object */;
}
